
Microsoft Visual Studio Solution File, Format Version 12.00
# Visual Studio Version 17
VisualStudioVersion = 17.0.31903.59
MinimumVisualStudioVersion = 10.0.40219.1
Project("{FAE04EC0-301F-11D3-BF4B-00C04F79EFBC}") = "ParkingLot.Api", "ParkingLot.Api\ParkingLot.Api.csproj", "{5D15E72E-7A5C-4D9E-853C-628B9D2408F9}"
EndProject
Project("{FAE04EC0-301F-11D3-BF4B-00C04F79EFBC}") = "ParkingLot.BAL", "ParkingLot.BAL\ParkingLot.BAL.csproj", "{C4F15BCC-DF4F-4EB5-910F-A966CE0D02A1}"
EndProject
Project("{FAE04EC0-301F-11D3-BF4B-00C04F79EFBC}") = "ParkingLot.DAL", "ParkingLot.DAL\ParkingLot.DAL.csproj", "{F722A787-3BC5-421C-92D3-37F29D80D7B0}"
EndProject
Project("{FAE04EC0-301F-11D3-BF4B-00C04F79EFBC}") = "ParkingLot.Domain", "ParkingLot.Domain\ParkingLot.Domain.csproj", "{E31FE825-C8C4-41DB-9CB5-80678EA587F3}"
EndProject
Global
	GlobalSection(SolutionConfigurationPlatforms) = preSolution
		Debug|Any CPU = Debug|Any CPU
		Release|Any CPU = Release|Any CPU
	EndGlobalSection
	GlobalSection(SolutionProperties) = preSolution
		HideSolutionNode = FALSE
	EndGlobalSection
	GlobalSection(ProjectConfigurationPlatforms) = postSolution
		{5D15E72E-7A5C-4D9E-853C-628B9D2408F9}.Debug|Any CPU.ActiveCfg = Debug|Any CPU
		{5D15E72E-7A5C-4D9E-853C-628B9D2408F9}.Debug|Any CPU.Build.0 = Debug|Any CPU
		{5D15E72E-7A5C-4D9E-853C-628B9D2408F9}.Release|Any CPU.ActiveCfg = Release|Any CPU
		{5D15E72E-7A5C-4D9E-853C-628B9D2408F9}.Release|Any CPU.Build.0 = Release|Any CPU
		{C4F15BCC-DF4F-4EB5-910F-A966CE0D02A1}.Debug|Any CPU.ActiveCfg = Debug|Any CPU
		{C4F15BCC-DF4F-4EB5-910F-A966CE0D02A1}.Debug|Any CPU.Build.0 = Debug|Any CPU
		{C4F15BCC-DF4F-4EB5-910F-A966CE0D02A1}.Release|Any CPU.ActiveCfg = Release|Any CPU
		{C4F15BCC-DF4F-4EB5-910F-A966CE0D02A1}.Release|Any CPU.Build.0 = Release|Any CPU
		{F722A787-3BC5-421C-92D3-37F29D80D7B0}.Debug|Any CPU.ActiveCfg = Debug|Any CPU
		{F722A787-3BC5-421C-92D3-37F29D80D7B0}.Debug|Any CPU.Build.0 = Debug|Any CPU
		{F722A787-3BC5-421C-92D3-37F29D80D7B0}.Release|Any CPU.ActiveCfg = Release|Any CPU
		{F722A787-3BC5-421C-92D3-37F29D80D7B0}.Release|Any CPU.Build.0 = Release|Any CPU
		{E31FE825-C8C4-41DB-9CB5-80678EA587F3}.Debug|Any CPU.ActiveCfg = Debug|Any CPU
		{E31FE825-C8C4-41DB-9CB5-80678EA587F3}.Debug|Any CPU.Build.0 = Debug|Any CPU
		{E31FE825-C8C4-41DB-9CB5-80678EA587F3}.Release|Any CPU.ActiveCfg = Release|Any CPU
		{E31FE825-C8C4-41DB-9CB5-80678EA587F3}.Release|Any CPU.Build.0 = Release|Any CPU
	EndGlobalSection
EndGlobal
